
Microsoft Visual Studio Solution File, Format Version 12.00
# Visual Studio Version 17
VisualStudioVersion = 17.8.34525.116
MinimumVisualStudioVersion = 10.0.40219.1
Project("{FAE04EC0-301F-11D3-BF4B-00C04F79EFBC}") = "notepad winform c#", "notepad winform c#\notepad winform c#.csproj", "{3E49177C-DB34-40B0-9F88-6A29FF0C0898}"
EndProject
Global
	GlobalSection(SolutionConfigurationPlatforms) = preSolution
		Debug|Any CPU = Debug|Any CPU
		Release|Any CPU = Release|Any CPU
	EndGlobalSection
	GlobalSection(ProjectConfigurationPlatforms) = postSolution
		{3E49177C-DB34-40B0-9F88-6A29FF0C0898}.Debug|Any CPU.ActiveCfg = Debug|Any CPU
		{3E49177C-DB34-40B0-9F88-6A29FF0C0898}.Debug|Any CPU.Build.0 = Debug|Any CPU
		{3E49177C-DB34-40B0-9F88-6A29FF0C0898}.Release|Any CPU.ActiveCfg = Release|Any CPU
		{3E49177C-DB34-40B0-9F88-6A29FF0C0898}.Release|Any CPU.Build.0 = Release|Any CPU
	EndGlobalSection
	GlobalSection(SolutionProperties) = preSolution
		HideSolutionNode = FALSE
	EndGlobalSection
	GlobalSection(ExtensibilityGlobals) = postSolution
		SolutionGuid = {A92BD680-EC96-4F3F-A784-B6931360954D}
	EndGlobalSection
EndGlobal
